<?xml version="1.0" encoding="utf-8"?>
<Project ToolsVersion="4.0" xmlns="http://schemas.microsoft.com/developer/msbuild/2003">
  <ItemGroup>
    <Filter Include="ソース ファイル">
      <UniqueIdentifier>{4FC737F1-C7A5-4376-A066-2A32D752A2FF}</UniqueIdentifier>
      <Extensions>cpp;c;cc;cxx;def;odl;idl;hpj;bat;asm;asmx</Extensions>
    </Filter>
    <Filter Include="ヘッダー ファイル">
      <UniqueIdentifier>{93995380-89BD-4b04-88EB-625FBE52EBFB}</UniqueIdentifier>
      <Extensions>h;hh;hpp;hxx;hm;inl;inc;xsd</Extensions>
    </Filter>
    <Filter Include="リソース ファイル">
      <UniqueIdentifier>{67DA6AB6-F800-4c08-8B7A-83BB121AAD01}</UniqueIdentifier>
      <Extensions>rc;ico;cur;bmp;dlg;rc2;rct;bin;rgs;gif;jpg;jpeg;jpe;resx;tiff;tif;png;wav;mfcribbon-ms</Extensions>
    </Filter>
    <Filter Include="ソース ファイル\snes_spc">
      <UniqueIdentifier>{beb369e5-f9a8-40e1-9bac-77ab7e1bfd4e}</UniqueIdentifier>
    </Filter>
    <Filter Include="ヘッダー ファイル\snes_spc">
      <UniqueIdentifier>{9bc18eb3-f042-4279-b7ae-85884eaa6de2}</UniqueIdentifier>
    </Filter>
  </ItemGroup>
  <ItemGroup>
    <ClCompile Include="..\gimicUsbSpcPlay\ControlUSB.cpp">
      <Filter>ソース ファイル</Filter>
    </ClCompile>
    <ClCompile Include="..\gimicUsbSpcPlay\DspRegFIFO.cpp">
      <Filter>ソース ファイル</Filter>
    </ClCompile>
    <ClCompile Include="..\gimicUsbSpcPlay\FileAccess.cpp">
      <Filter>ソース ファイル</Filter>
    </ClCompile>
    <ClCompile Include="..\gimicUsbSpcPlay\main.cpp">
      <Filter>ソース ファイル</Filter>
    </ClCompile>
    <ClCompile Include="..\gimicUsbSpcPlay\SpcControlDevice.cpp">
      <Filter>ソース ファイル</Filter>
    </ClCompile>
    <ClCompile Include="..\gimicUsbSpcPlay\SPCFile.cpp">
      <Filter>ソース ファイル</Filter>
    </ClCompile>
    <ClCompile Include="..\snes_spc\dsp.cpp">
      <Filter>ソース ファイル\snes_spc</Filter>
    </ClCompile>
    <ClCompile Include="..\snes_spc\SNES_SPC.cpp">
      <Filter>ソース ファイル\snes_spc</Filter>
    </ClCompile>
    <ClCompile Include="..\snes_spc\SNES_SPC_misc.cpp">
      <Filter>ソース ファイル\snes_spc</Filter>
    </ClCompile>
    <ClCompile Include="..\snes_spc\SNES_SPC_state.cpp">
      <Filter>ソース ファイル\snes_spc</Filter>
    </ClCompile>
    <ClCompile Include="..\snes_spc\SPC_Filter.cpp">
      <Filter>ソース ファイル\snes_spc</Filter>
    </ClCompile>
    <ClCompile Include="..\snes_spc\SPC_DSP.cpp">
      <Filter>ソース ファイル\snes_spc</Filter>
    </ClCompile>
    <ClCompile Include="..\snes_spc\spc.cpp">
      <Filter>ソース ファイル\snes_spc</Filter>
    </ClCompile>
  </ItemGroup>
  <ItemGroup>
    <ClInclude Include="..\gimicUsbSpcPlay\ControlUSB.h">
      <Filter>ヘッダー ファイル</Filter>
    </ClInclude>
    <ClInclude Include="..\gimicUsbSpcPlay\DspRegFIFO.h">
      <Filter>ヘッダー ファイル</Filter>
    </ClInclude>
    <ClInclude Include="..\gimicUsbSpcPlay\FileAccess.h">
      <Filter>ヘッダー ファイル</Filter>
    </ClInclude>
    <ClInclude Include="..\gimicUsbSpcPlay\SpcControlDevice.h">
      <Filter>ヘッダー ファイル</Filter>
    </ClInclude>
    <ClInclude Include="..\gimicUsbSpcPlay\SPCFile.h">
      <Filter>ヘッダー ファイル</Filter>
    </ClInclude>
    <ClInclude Include="..\snes_spc\blargg_source.h">
      <Filter>ヘッダー ファイル\snes_spc</Filter>
    </ClInclude>
    <ClInclude Include="..\snes_spc\blargg_common.h">
      <Filter>ヘッダー ファイル\snes_spc</Filter>
    </ClInclude>
    <ClInclude Include="..\snes_spc\blargg_config.h">
      <Filter>ヘッダー ファイル\snes_spc</Filter>
    </ClInclude>
    <ClInclude Include="..\snes_spc\blargg_endian.h">
      <Filter>ヘッダー ファイル\snes_spc</Filter>
    </ClInclude>
    <ClInclude Include="..\snes_spc\dsp.h">
      <Filter>ヘッダー ファイル\snes_spc</Filter>
    </ClInclude>
    <ClInclude Include="..\snes_spc\SPC_Filter.h">
      <Filter>ヘッダー ファイル\snes_spc</Filter>
    </ClInclude>
    <ClInclude Include="..\snes_spc\SPC_DSP.h">
      <Filter>ヘッダー ファイル\snes_spc</Filter>
    </ClInclude>
    <ClInclude Include="..\snes_spc\SPC_CPU.h">
      <Filter>ヘッダー ファイル\snes_spc</Filter>
    </ClInclude>
    <ClInclude Include="..\snes_spc\spc.h">
      <Filter>ヘッダー ファイル\snes_spc</Filter>
    </ClInclude>
    <ClInclude Include="..\snes_spc\SNES_SPC.h">
      <Filter>ヘッダー ファイル\snes_spc</Filter>
    </ClInclude>
  </ItemGroup>
</Project>