// !$*UTF8*$!
{
	archiveVersion = 1;
	classes = {
	};
	objectVersion = 46;
	objects = {

/* Begin PBXBuildFile section */
		F52C3D0119FD0EF900FADE5C /* dsp.cpp in Sources */ = {isa = PBXBuildFile; fileRef = F52C3CF419FD0EF900FADE5C /* dsp.cpp */; };
		F52C3D0219FD0EF900FADE5C /* SNES_SPC.cpp in Sources */ = {isa = PBXBuildFile; fileRef = F52C3CF619FD0EF900FADE5C /* SNES_SPC.cpp */; };
		F52C3D0319FD0EF900FADE5C /* SNES_SPC_misc.cpp in Sources */ = {isa = PBXBuildFile; fileRef = F52C3CF819FD0EF900FADE5C /* SNES_SPC_misc.cpp */; };
		F52C3D0419FD0EF900FADE5C /* SNES_SPC_state.cpp in Sources */ = {isa = PBXBuildFile; fileRef = F52C3CF919FD0EF900FADE5C /* SNES_SPC_state.cpp */; };
		F52C3D0519FD0EF900FADE5C /* spc.cpp in Sources */ = {isa = PBXBuildFile; fileRef = F52C3CFA19FD0EF900FADE5C /* spc.cpp */; };
		F52C3D0619FD0EF900FADE5C /* SPC_DSP.cpp in Sources */ = {isa = PBXBuildFile; fileRef = F52C3CFD19FD0EF900FADE5C /* SPC_DSP.cpp */; };
		F52C3D0719FD0EF900FADE5C /* SPC_Filter.cpp in Sources */ = {isa = PBXBuildFile; fileRef = F52C3CFF19FD0EF900FADE5C /* SPC_Filter.cpp */; };
		F52C3D0819FD1DCA00FADE5C /* SpcControlDevice.cpp in Sources */ = {isa = PBXBuildFile; fileRef = F57BAFD3194C759700E9D728 /* SpcControlDevice.cpp */; };
		F52C3D0919FD1DCD00FADE5C /* BulkUsbDevice.cpp in Sources */ = {isa = PBXBuildFile; fileRef = F57BAFD0194C6D4F00E9D728 /* BulkUsbDevice.cpp */; };
		F5585FA0194DA613002A9AF7 /* SPCFile.cpp in Sources */ = {isa = PBXBuildFile; fileRef = F5585F9D194DA613002A9AF7 /* SPCFile.cpp */; };
		F5585FA4194DA6B6002A9AF7 /* FileAccess.cpp in Sources */ = {isa = PBXBuildFile; fileRef = F5585FA2194DA6B6002A9AF7 /* FileAccess.cpp */; };
		F57BAFBA194C69E800E9D728 /* main.cpp in Sources */ = {isa = PBXBuildFile; fileRef = F57BAFB9194C69E800E9D728 /* main.cpp */; };
		F57BAFC5194C6A6300E9D728 /* Foundation.framework in Frameworks */ = {isa = PBXBuildFile; fileRef = F57BAFC4194C6A6300E9D728 /* Foundation.framework */; };
		F57BAFC7194C6A6900E9D728 /* IOKit.framework in Frameworks */ = {isa = PBXBuildFile; fileRef = F57BAFC6194C6A6900E9D728 /* IOKit.framework */; };
		F57BAFC9194C6AA400E9D728 /* libusb-1.0.a in Frameworks */ = {isa = PBXBuildFile; fileRef = F57BAFC8194C6AA400E9D728 /* libusb-1.0.a */; };
/* End PBXBuildFile section */

/* Begin PBXCopyFilesBuildPhase section */
		F57BAFB4194C69E800E9D728 /* CopyFiles */ = {
			isa = PBXCopyFilesBuildPhase;
			buildActionMask = 2147483647;
			dstPath = /usr/share/man/man1/;
			dstSubfolderSpec = 0;
			files = (
			);
			runOnlyForDeploymentPostprocessing = 1;
		};
/* End PBXCopyFilesBuildPhase section */

/* Begin PBXFileReference section */
		F52C3CF019FD0EF900FADE5C /* blargg_common.h */ = {isa = PBXFileReference; fileEncoding = 4; lastKnownFileType = sourcecode.c.h; path = blargg_common.h; sourceTree = "<group>"; };
		F52C3CF119FD0EF900FADE5C /* blargg_config.h */ = {isa = PBXFileReference; fileEncoding = 4; lastKnownFileType = sourcecode.c.h; path = blargg_config.h; sourceTree = "<group>"; };
		F52C3CF219FD0EF900FADE5C /* blargg_endian.h */ = {isa = PBXFileReference; fileEncoding = 4; lastKnownFileType = sourcecode.c.h; path = blargg_endian.h; sourceTree = "<group>"; };
		F52C3CF319FD0EF900FADE5C /* blargg_source.h */ = {isa = PBXFileReference; fileEncoding = 4; lastKnownFileType = sourcecode.c.h; path = blargg_source.h; sourceTree = "<group>"; };
		F52C3CF419FD0EF900FADE5C /* dsp.cpp */ = {isa = PBXFileReference; fileEncoding = 4; lastKnownFileType = sourcecode.cpp.cpp; path = dsp.cpp; sourceTree = "<group>"; };
		F52C3CF519FD0EF900FADE5C /* dsp.h */ = {isa = PBXFileReference; fileEncoding = 4; lastKnownFileType = sourcecode.c.h; path = dsp.h; sourceTree = "<group>"; };
		F52C3CF619FD0EF900FADE5C /* SNES_SPC.cpp */ = {isa = PBXFileReference; fileEncoding = 4; lastKnownFileType = sourcecode.cpp.cpp; path = SNES_SPC.cpp; sourceTree = "<group>"; };
		F52C3CF719FD0EF900FADE5C /* SNES_SPC.h */ = {isa = PBXFileReference; fileEncoding = 4; lastKnownFileType = sourcecode.c.h; path = SNES_SPC.h; sourceTree = "<group>"; };
		F52C3CF819FD0EF900FADE5C /* SNES_SPC_misc.cpp */ = {isa = PBXFileReference; fileEncoding = 4; lastKnownFileType = sourcecode.cpp.cpp; path = SNES_SPC_misc.cpp; sourceTree = "<group>"; };
		F52C3CF919FD0EF900FADE5C /* SNES_SPC_state.cpp */ = {isa = PBXFileReference; fileEncoding = 4; lastKnownFileType = sourcecode.cpp.cpp; path = SNES_SPC_state.cpp; sourceTree = "<group>"; };
		F52C3CFA19FD0EF900FADE5C /* spc.cpp */ = {isa = PBXFileReference; fileEncoding = 4; lastKnownFileType = sourcecode.cpp.cpp; path = spc.cpp; sourceTree = "<group>"; };
		F52C3CFB19FD0EF900FADE5C /* spc.h */ = {isa = PBXFileReference; fileEncoding = 4; lastKnownFileType = sourcecode.c.h; path = spc.h; sourceTree = "<group>"; };
		F52C3CFC19FD0EF900FADE5C /* SPC_CPU.h */ = {isa = PBXFileReference; fileEncoding = 4; lastKnownFileType = sourcecode.c.h; path = SPC_CPU.h; sourceTree = "<group>"; };
		F52C3CFD19FD0EF900FADE5C /* SPC_DSP.cpp */ = {isa = PBXFileReference; fileEncoding = 4; lastKnownFileType = sourcecode.cpp.cpp; path = SPC_DSP.cpp; sourceTree = "<group>"; };
		F52C3CFE19FD0EF900FADE5C /* SPC_DSP.h */ = {isa = PBXFileReference; fileEncoding = 4; lastKnownFileType = sourcecode.c.h; path = SPC_DSP.h; sourceTree = "<group>"; };
		F52C3CFF19FD0EF900FADE5C /* SPC_Filter.cpp */ = {isa = PBXFileReference; fileEncoding = 4; lastKnownFileType = sourcecode.cpp.cpp; path = SPC_Filter.cpp; sourceTree = "<group>"; };
		F52C3D0019FD0EF900FADE5C /* SPC_Filter.h */ = {isa = PBXFileReference; fileEncoding = 4; lastKnownFileType = sourcecode.c.h; path = SPC_Filter.h; sourceTree = "<group>"; };
		F5585F9D194DA613002A9AF7 /* SPCFile.cpp */ = {isa = PBXFileReference; fileEncoding = 4; lastKnownFileType = sourcecode.cpp.cpp; name = SPCFile.cpp; path = gimicUsbSpcPlay/SPCFile.cpp; sourceTree = "<group>"; };
		F5585F9E194DA613002A9AF7 /* SPCFile.h */ = {isa = PBXFileReference; fileEncoding = 4; lastKnownFileType = sourcecode.c.h; name = SPCFile.h; path = gimicUsbSpcPlay/SPCFile.h; sourceTree = "<group>"; };
		F5585FA2194DA6B6002A9AF7 /* FileAccess.cpp */ = {isa = PBXFileReference; fileEncoding = 4; lastKnownFileType = sourcecode.cpp.cpp; name = FileAccess.cpp; path = gimicUsbSpcPlay/FileAccess.cpp; sourceTree = "<group>"; };
		F5585FA3194DA6B6002A9AF7 /* FileAccess.h */ = {isa = PBXFileReference; fileEncoding = 4; lastKnownFileType = sourcecode.c.h; name = FileAccess.h; path = gimicUsbSpcPlay/FileAccess.h; sourceTree = "<group>"; };
		F57BAFB6194C69E800E9D728 /* gimicUsbSpcPlay */ = {isa = PBXFileReference; explicitFileType = "compiled.mach-o.executable"; includeInIndex = 0; path = gimicUsbSpcPlay; sourceTree = BUILT_PRODUCTS_DIR; };
		F57BAFB9194C69E800E9D728 /* main.cpp */ = {isa = PBXFileReference; lastKnownFileType = sourcecode.cpp.cpp; path = main.cpp; sourceTree = "<group>"; };
		F57BAFC4194C6A6300E9D728 /* Foundation.framework */ = {isa = PBXFileReference; lastKnownFileType = wrapper.framework; name = Foundation.framework; path = System/Library/Frameworks/Foundation.framework; sourceTree = SDKROOT; };
		F57BAFC6194C6A6900E9D728 /* IOKit.framework */ = {isa = PBXFileReference; lastKnownFileType = wrapper.framework; name = IOKit.framework; path = System/Library/Frameworks/IOKit.framework; sourceTree = SDKROOT; };
		F57BAFC8194C6AA400E9D728 /* libusb-1.0.a */ = {isa = PBXFileReference; lastKnownFileType = archive.ar; name = "libusb-1.0.a"; path = "../../../../../usr/local/lib/libusb-1.0.a"; sourceTree = "<group>"; };
		F57BAFD0194C6D4F00E9D728 /* BulkUsbDevice.cpp */ = {isa = PBXFileReference; fileEncoding = 4; lastKnownFileType = sourcecode.cpp.cpp; path = BulkUsbDevice.cpp; sourceTree = "<group>"; };
		F57BAFD1194C6D4F00E9D728 /* BulkUsbDevice.h */ = {isa = PBXFileReference; fileEncoding = 4; lastKnownFileType = sourcecode.c.h; path = BulkUsbDevice.h; sourceTree = "<group>"; };
		F57BAFD3194C759700E9D728 /* SpcControlDevice.cpp */ = {isa = PBXFileReference; fileEncoding = 4; lastKnownFileType = sourcecode.cpp.cpp; path = SpcControlDevice.cpp; sourceTree = "<group>"; };
		F57BAFD4194C759700E9D728 /* SpcControlDevice.h */ = {isa = PBXFileReference; fileEncoding = 4; lastKnownFileType = sourcecode.c.h; path = SpcControlDevice.h; sourceTree = "<group>"; };
/* End PBXFileReference section */

/* Begin PBXFrameworksBuildPhase section */
		F57BAFB3194C69E800E9D728 /* Frameworks */ = {
			isa = PBXFrameworksBuildPhase;
			buildActionMask = 2147483647;
			files = (
				F57BAFC9194C6AA400E9D728 /* libusb-1.0.a in Frameworks */,
				F57BAFC7194C6A6900E9D728 /* IOKit.framework in Frameworks */,
				F57BAFC5194C6A6300E9D728 /* Foundation.framework in Frameworks */,
			);
			runOnlyForDeploymentPostprocessing = 0;
		};
/* End PBXFrameworksBuildPhase section */

/* Begin PBXGroup section */
		F52C3CEF19FD0EF900FADE5C /* snes_spc */ = {
			isa = PBXGroup;
			children = (
				F52C3CF019FD0EF900FADE5C /* blargg_common.h */,
				F52C3CF119FD0EF900FADE5C /* blargg_config.h */,
				F52C3CF219FD0EF900FADE5C /* blargg_endian.h */,
				F52C3CF319FD0EF900FADE5C /* blargg_source.h */,
				F52C3CF419FD0EF900FADE5C /* dsp.cpp */,
				F52C3CF519FD0EF900FADE5C /* dsp.h */,
				F52C3CF619FD0EF900FADE5C /* SNES_SPC.cpp */,
				F52C3CF719FD0EF900FADE5C /* SNES_SPC.h */,
				F52C3CF819FD0EF900FADE5C /* SNES_SPC_misc.cpp */,
				F52C3CF919FD0EF900FADE5C /* SNES_SPC_state.cpp */,
				F52C3CFA19FD0EF900FADE5C /* spc.cpp */,
				F52C3CFB19FD0EF900FADE5C /* spc.h */,
				F52C3CFC19FD0EF900FADE5C /* SPC_CPU.h */,
				F52C3CFD19FD0EF900FADE5C /* SPC_DSP.cpp */,
				F52C3CFE19FD0EF900FADE5C /* SPC_DSP.h */,
				F52C3CFF19FD0EF900FADE5C /* SPC_Filter.cpp */,
				F52C3D0019FD0EF900FADE5C /* SPC_Filter.h */,
			);
			path = snes_spc;
			sourceTree = "<group>";
		};
		F5585F94194DA5C5002A9AF7 /* SPCFile */ = {
			isa = PBXGroup;
			children = (
				F5585FA2194DA6B6002A9AF7 /* FileAccess.cpp */,
				F5585FA3194DA6B6002A9AF7 /* FileAccess.h */,
				F5585F9D194DA613002A9AF7 /* SPCFile.cpp */,
				F5585F9E194DA613002A9AF7 /* SPCFile.h */,
			);
			name = SPCFile;
			sourceTree = "<group>";
		};
		F57BAFAD194C69E800E9D728 = {
			isa = PBXGroup;
			children = (
				F57BAFC8194C6AA400E9D728 /* libusb-1.0.a */,
				F57BAFC6194C6A6900E9D728 /* IOKit.framework */,
				F57BAFC4194C6A6300E9D728 /* Foundation.framework */,
				F52C3CEF19FD0EF900FADE5C /* snes_spc */,
				F57BAFB8194C69E800E9D728 /* gimicUsbSpcPlay */,
				F5585F94194DA5C5002A9AF7 /* SPCFile */,
				F57BAFB7194C69E800E9D728 /* Products */,
			);
			sourceTree = "<group>";
		};
		F57BAFB7194C69E800E9D728 /* Products */ = {
			isa = PBXGroup;
			children = (
				F57BAFB6194C69E800E9D728 /* gimicUsbSpcPlay */,
			);
			name = Products;
			sourceTree = "<group>";
		};
		F57BAFB8194C69E800E9D728 /* gimicUsbSpcPlay */ = {
			isa = PBXGroup;
			children = (
				F57BAFB9194C69E800E9D728 /* main.cpp */,
				F57BAFD0194C6D4F00E9D728 /* BulkUsbDevice.cpp */,
				F57BAFD1194C6D4F00E9D728 /* BulkUsbDevice.h */,
				F57BAFD3194C759700E9D728 /* SpcControlDevice.cpp */,
				F57BAFD4194C759700E9D728 /* SpcControlDevice.h */,
			);
			path = gimicUsbSpcPlay;
			sourceTree = "<group>";
		};
/* End PBXGroup section */

/* Begin PBXNativeTarget section */
		F57BAFB5194C69E800E9D728 /* gimicUsbSpcPlay */ = {
			isa = PBXNativeTarget;
			buildConfigurationList = F57BAFBF194C69E800E9D728 /* Build configuration list for PBXNativeTarget "gimicUsbSpcPlay" */;
			buildPhases = (
				F57BAFB2194C69E800E9D728 /* Sources */,
				F57BAFB3194C69E800E9D728 /* Frameworks */,
				F57BAFB4194C69E800E9D728 /* CopyFiles */,
			);
			buildRules = (
			);
			dependencies = (
			);
			name = gimicUsbSpcPlay;
			productName = gimicUsbSpcPlay;
			productReference = F57BAFB6194C69E800E9D728 /* gimicUsbSpcPlay */;
			productType = "com.apple.product-type.tool";
		};
/* End PBXNativeTarget section */

/* Begin PBXProject section */
		F57BAFAE194C69E800E9D728 /* Project object */ = {
			isa = PBXProject;
			attributes = {
				LastUpgradeCheck = 0510;
				ORGANIZATIONNAME = osoumen;
			};
			buildConfigurationList = F57BAFB1194C69E800E9D728 /* Build configuration list for PBXProject "gimicUsbSpcPlay" */;
			compatibilityVersion = "Xcode 3.2";
			developmentRegion = English;
			hasScannedForEncodings = 0;
			knownRegions = (
				en,
			);
			mainGroup = F57BAFAD194C69E800E9D728;
			productRefGroup = F57BAFB7194C69E800E9D728 /* Products */;
			projectDirPath = "";
			projectRoot = "";
			targets = (
				F57BAFB5194C69E800E9D728 /* gimicUsbSpcPlay */,
			);
		};
/* End PBXProject section */

/* Begin PBXSourcesBuildPhase section */
		F57BAFB2194C69E800E9D728 /* Sources */ = {
			isa = PBXSourcesBuildPhase;
			buildActionMask = 2147483647;
			files = (
				F52C3D0419FD0EF900FADE5C /* SNES_SPC_state.cpp in Sources */,
				F52C3D0519FD0EF900FADE5C /* spc.cpp in Sources */,
				F52C3D0919FD1DCD00FADE5C /* BulkUsbDevice.cpp in Sources */,
				F57BAFBA194C69E800E9D728 /* main.cpp in Sources */,
				F52C3D0619FD0EF900FADE5C /* SPC_DSP.cpp in Sources */,
				F5585FA0194DA613002A9AF7 /* SPCFile.cpp in Sources */,
				F52C3D0819FD1DCA00FADE5C /* SpcControlDevice.cpp in Sources */,
				F52C3D0319FD0EF900FADE5C /* SNES_SPC_misc.cpp in Sources */,
				F52C3D0219FD0EF900FADE5C /* SNES_SPC.cpp in Sources */,
				F52C3D0119FD0EF900FADE5C /* dsp.cpp in Sources */,
				F5585FA4194DA6B6002A9AF7 /* FileAccess.cpp in Sources */,
				F52C3D0719FD0EF900FADE5C /* SPC_Filter.cpp in Sources */,
			);
			runOnlyForDeploymentPostprocessing = 0;
		};
/* End PBXSourcesBuildPhase section */

/* Begin XCBuildConfiguration section */
		F57BAFBD194C69E800E9D728 /* Debug */ = {
			isa = XCBuildConfiguration;
			buildSettings = {
				ALWAYS_SEARCH_USER_PATHS = NO;
				ARCHS = "$(ARCHS_STANDARD)";
				CLANG_CXX_LANGUAGE_STANDARD = "gnu++0x";
				CLANG_CXX_LIBRARY = "compiler-default";
				CLANG_ENABLE_MODULES = YES;
				CLANG_ENABLE_OBJC_ARC = YES;
				CLANG_WARN_BOOL_CONVERSION = YES;
				CLANG_WARN_CONSTANT_CONVERSION = YES;
				CLANG_WARN_DIRECT_OBJC_ISA_USAGE = YES_ERROR;
				CLANG_WARN_EMPTY_BODY = YES;
				CLANG_WARN_ENUM_CONVERSION = YES;
				CLANG_WARN_INT_CONVERSION = YES;
				CLANG_WARN_OBJC_ROOT_CLASS = YES_ERROR;
				CLANG_WARN__DUPLICATE_METHOD_MATCH = YES;
				COPY_PHASE_STRIP = NO;
				GCC_C_LANGUAGE_STANDARD = gnu99;
				GCC_DYNAMIC_NO_PIC = NO;
				GCC_ENABLE_OBJC_EXCEPTIONS = YES;
				GCC_OPTIMIZATION_LEVEL = 0;
				GCC_PREPROCESSOR_DEFINITIONS = (
					"DEBUG=1",
					"$(inherited)",
				);
				GCC_SYMBOLS_PRIVATE_EXTERN = NO;
				GCC_WARN_64_TO_32_BIT_CONVERSION = YES;
				GCC_WARN_ABOUT_RETURN_TYPE = YES_ERROR;
				GCC_WARN_UNDECLARED_SELECTOR = YES;
				GCC_WARN_UNINITIALIZED_AUTOS = YES_AGGRESSIVE;
				GCC_WARN_UNUSED_FUNCTION = YES;
				GCC_WARN_UNUSED_VARIABLE = YES;
				HEADER_SEARCH_PATHS = (
					"$(inherited)",
					/Applications/Xcode.app/Contents/Developer/Toolchains/XcodeDefault.xctoolchain/usr/include,
					"/usr/local/include/**",
				);
				LIBRARY_SEARCH_PATHS = /usr/local/lib;
				MACOSX_DEPLOYMENT_TARGET = 10.7;
				ONLY_ACTIVE_ARCH = YES;
				OTHER_CPLUSPLUSFLAGS = "$(OTHER_CFLAGS)";
				SDKROOT = macosx10.7;
			};
			name = Debug;
		};
		F57BAFBE194C69E800E9D728 /* Release */ = {
			isa = XCBuildConfiguration;
			buildSettings = {
				ALWAYS_SEARCH_USER_PATHS = NO;
				ARCHS = "$(ARCHS_STANDARD)";
				CLANG_CXX_LANGUAGE_STANDARD = "gnu++0x";
				CLANG_CXX_LIBRARY = "compiler-default";
				CLANG_ENABLE_MODULES = YES;
				CLANG_ENABLE_OBJC_ARC = YES;
				CLANG_WARN_BOOL_CONVERSION = YES;
				CLANG_WARN_CONSTANT_CONVERSION = YES;
				CLANG_WARN_DIRECT_OBJC_ISA_USAGE = YES_ERROR;
				CLANG_WARN_EMPTY_BODY = YES;
				CLANG_WARN_ENUM_CONVERSION = YES;
				CLANG_WARN_INT_CONVERSION = YES;
				CLANG_WARN_OBJC_ROOT_CLASS = YES_ERROR;
				CLANG_WARN__DUPLICATE_METHOD_MATCH = YES;
				COPY_PHASE_STRIP = YES;
				DEBUG_INFORMATION_FORMAT = "dwarf-with-dsym";
				ENABLE_NS_ASSERTIONS = NO;
				GCC_C_LANGUAGE_STANDARD = gnu99;
				GCC_ENABLE_OBJC_EXCEPTIONS = YES;
				GCC_WARN_64_TO_32_BIT_CONVERSION = YES;
				GCC_WARN_ABOUT_RETURN_TYPE = YES_ERROR;
				GCC_WARN_UNDECLARED_SELECTOR = YES;
				GCC_WARN_UNINITIALIZED_AUTOS = YES_AGGRESSIVE;
				GCC_WARN_UNUSED_FUNCTION = YES;
				GCC_WARN_UNUSED_VARIABLE = YES;
				HEADER_SEARCH_PATHS = (
					"$(inherited)",
					/Applications/Xcode.app/Contents/Developer/Toolchains/XcodeDefault.xctoolchain/usr/include,
					"/usr/local/include/**",
				);
				LIBRARY_SEARCH_PATHS = /usr/local/lib;
				MACOSX_DEPLOYMENT_TARGET = 10.7;
				SDKROOT = macosx10.7;
			};
			name = Release;
		};
		F57BAFC0194C69E800E9D728 /* Debug */ = {
			isa = XCBuildConfiguration;
			buildSettings = {
				PRODUCT_NAME = "$(TARGET_NAME)";
			};
			name = Debug;
		};
		F57BAFC1194C69E800E9D728 /* Release */ = {
			isa = XCBuildConfiguration;
			buildSettings = {
				PRODUCT_NAME = "$(TARGET_NAME)";
			};
			name = Release;
		};
/* End XCBuildConfiguration section */

/* Begin XCConfigurationList section */
		F57BAFB1194C69E800E9D728 /* Build configuration list for PBXProject "gimicUsbSpcPlay" */ = {
			isa = XCConfigurationList;
			buildConfigurations = (
				F57BAFBD194C69E800E9D728 /* Debug */,
				F57BAFBE194C69E800E9D728 /* Release */,
			);
			defaultConfigurationIsVisible = 0;
			defaultConfigurationName = Release;
		};
		F57BAFBF194C69E800E9D728 /* Build configuration list for PBXNativeTarget "gimicUsbSpcPlay" */ = {
			isa = XCConfigurationList;
			buildConfigurations = (
				F57BAFC0194C69E800E9D728 /* Debug */,
				F57BAFC1194C69E800E9D728 /* Release */,
			);
			defaultConfigurationIsVisible = 0;
			defaultConfigurationName = Release;
		};
/* End XCConfigurationList section */
	};
	rootObject = F57BAFAE194C69E800E9D728 /* Project object */;
}
